
Microsoft Visual Studio Solution File, Format Version 12.00
# Visual Studio Version 17
VisualStudioVersion = 17.13.35806.99 d17.13
MinimumVisualStudioVersion = 10.0.40219.1
Project("{FAE04EC0-301F-11D3-BF4B-00C04F79EFBC}") = "Horodateur", "Horodateur.csproj", "{AB1CEF4E-ADE9-47AA-9E65-4F7640C6BE06}"
EndProject
Global
	GlobalSection(SolutionConfigurationPlatforms) = preSolution
		Debug|Any CPU = Debug|Any CPU
		Release|Any CPU = Release|Any CPU
	EndGlobalSection
	GlobalSection(ProjectConfigurationPlatforms) = postSolution
		{AB1CEF4E-ADE9-47AA-9E65-4F7640C6BE06}.Debug|Any CPU.ActiveCfg = Debug|Any CPU
		{AB1CEF4E-ADE9-47AA-9E65-4F7640C6BE06}.Debug|Any CPU.Build.0 = Debug|Any CPU
		{AB1CEF4E-ADE9-47AA-9E65-4F7640C6BE06}.Release|Any CPU.ActiveCfg = Release|Any CPU
		{AB1CEF4E-ADE9-47AA-9E65-4F7640C6BE06}.Release|Any CPU.Build.0 = Release|Any CPU
	EndGlobalSection
	GlobalSection(SolutionProperties) = preSolution
		HideSolutionNode = FALSE
	EndGlobalSection
	GlobalSection(ExtensibilityGlobals) = postSolution
		SolutionGuid = {B7176D2E-8B70-451B-98B5-ADAA7B054C65}
	EndGlobalSection
EndGlobal
